<?xml version="1.0" encoding="utf-8"?>
<Project ToolsVersion="4.0" xmlns="http://schemas.microsoft.com/developer/msbuild/2003">
  <ItemGroup>
    <CustomBuild Include="..\CMakeFiles\c03431b80c451c60a697d0fc7df2dddb\INSTALL_force.rule">
      <Filter>CMake Rules</Filter>
    </CustomBuild>
  </ItemGroup>
  <ItemGroup>
    <Filter Include="CMake Rules">
      <UniqueIdentifier>{B1BD2F3D-C32F-4D8E-B4D1-3F432BA05B5D}</UniqueIdentifier>
    </Filter>
  </ItemGroup>
</Project>
