<?xml version="1.0" encoding="utf-8"?>
<Project ToolsVersion="4.0" xmlns="http://schemas.microsoft.com/developer/msbuild/2003">
  <ItemGroup>
    <Filter Include="Source Files">
      <UniqueIdentifier>{4FC737F1-C7A5-4376-A066-2A32D752A2FF}</UniqueIdentifier>
      <Extensions>cpp;c;cc;cxx;def;odl;idl;hpj;bat;asm;asmx</Extensions>
    </Filter>
    <Filter Include="Source Files\weapons">
      <UniqueIdentifier>{4a46249b-582f-4eed-991c-08e52292bb39}</UniqueIdentifier>
    </Filter>
  </ItemGroup>
  <ItemGroup>
    <ClCompile Include="..\src\app.cpp">
      <Filter>Source Files</Filter>
    </ClCompile>
    <ClCompile Include="..\src\stdafx.cpp">
      <Filter>Source Files</Filter>
    </ClCompile>
    <ClCompile Include="..\src\game_scene.cpp">
      <Filter>Source Files</Filter>
    </ClCompile>
    <ClCompile Include="..\src\game_object.cpp">
      <Filter>Source Files</Filter>
    </ClCompile>
    <ClCompile Include="..\src\movable.cpp">
      <Filter>Source Files</Filter>
    </ClCompile>
    <ClCompile Include="..\src\aabb.cpp">
      <Filter>Source Files</Filter>
    </ClCompile>
    <ClCompile Include="..\src\math.cpp">
      <Filter>Source Files</Filter>
    </ClCompile>
    <ClCompile Include="..\src\interface_input.cpp">
      <Filter>Source Files</Filter>
    </ClCompile>
    <ClCompile Include="..\src\build_game.cpp">
      <Filter>Source Files</Filter>
    </ClCompile>
    <ClCompile Include="..\src\player.cpp">
      <Filter>Source Files</Filter>
    </ClCompile>
    <ClCompile Include="..\src\movement_controller.cpp">
      <Filter>Source Files</Filter>
    </ClCompile>
    <ClCompile Include="..\src\enemy.cpp">
      <Filter>Source Files</Filter>
    </ClCompile>
    <ClCompile Include="..\src\collider.cpp">
      <Filter>Source Files</Filter>
    </ClCompile>
    <ClCompile Include="..\src\collision.cpp">
      <Filter>Source Files</Filter>
    </ClCompile>
    <ClCompile Include="..\src\collision_detail.cpp">
      <Filter>Source Files</Filter>
    </ClCompile>
    <ClCompile Include="..\src\on_collision.cpp">
      <Filter>Source Files</Filter>
    </ClCompile>
    <ClCompile Include="..\src\handle_collision.cpp">
      <Filter>Source Files</Filter>
    </ClCompile>
    <ClCompile Include="..\src\aabb_int.cpp">
      <Filter>Source Files</Filter>
    </ClCompile>
    <ClCompile Include="..\src\camera.cpp">
      <Filter>Source Files</Filter>
    </ClCompile>
    <ClCompile Include="..\src\obstacle.cpp">
      <Filter>Source Files</Filter>
    </ClCompile>
    <ClCompile Include="..\src\crosshair.cpp">
      <Filter>Source Files</Filter>
    </ClCompile>
    <ClCompile Include="..\src\weapons\crossbow.cpp">
      <Filter>Source Files\weapons</Filter>
    </ClCompile>
    <ClCompile Include="..\src\weapons\weapon.cpp">
      <Filter>Source Files\weapons</Filter>
    </ClCompile>
    <ClCompile Include="..\src\weapons\weapon_helpers.cpp">
      <Filter>Source Files\weapons</Filter>
    </ClCompile>
    <ClCompile Include="..\src\projectile.cpp">
      <Filter>Source Files</Filter>
    </ClCompile>
    <ClCompile Include="..\src\health_mixin.cpp">
      <Filter>Source Files</Filter>
    </ClCompile>
    <ClCompile Include="..\src\weapons\reload.cpp">
      <Filter>Source Files\weapons</Filter>
    </ClCompile>
    <ClCompile Include="..\src\timer.cpp">
      <Filter>Source Files</Filter>
    </ClCompile>
    <ClCompile Include="..\src\text_object.cpp">
      <Filter>Source Files</Filter>
    </ClCompile>
    <ClCompile Include="..\src\pickup_generator.cpp">
      <Filter>Source Files</Filter>
    </ClCompile>
    <ClCompile Include="..\src\pickups.cpp">
      <Filter>Source Files</Filter>
    </ClCompile>
    <ClCompile Include="..\src\weapons\forcefield.cpp">
      <Filter>Source Files\weapons</Filter>
    </ClCompile>
    <ClCompile Include="..\src\weapons\forcefield_emitter.cpp">
      <Filter>Source Files\weapons</Filter>
    </ClCompile>
    <ClCompile Include="..\src\highscore.cpp">
      <Filter>Source Files</Filter>
    </ClCompile>
  </ItemGroup>
  <ItemGroup>
    <ClInclude Include="..\src\app.h">
      <Filter>Source Files</Filter>
    </ClInclude>
    <ClInclude Include="..\src\stdafx.h">
      <Filter>Source Files</Filter>
    </ClInclude>
    <ClInclude Include="..\src\game_scene.h">
      <Filter>Source Files</Filter>
    </ClInclude>
    <ClInclude Include="..\src\game_object.h">
      <Filter>Source Files</Filter>
    </ClInclude>
    <ClInclude Include="..\src\movable.h">
      <Filter>Source Files</Filter>
    </ClInclude>
    <ClInclude Include="..\src\aabb.h">
      <Filter>Source Files</Filter>
    </ClInclude>
    <ClInclude Include="..\src\math.h">
      <Filter>Source Files</Filter>
    </ClInclude>
    <ClInclude Include="..\src\interface_input.h">
      <Filter>Source Files</Filter>
    </ClInclude>
    <ClInclude Include="..\src\build_game.h">
      <Filter>Source Files</Filter>
    </ClInclude>
    <ClInclude Include="..\src\player.h">
      <Filter>Source Files</Filter>
    </ClInclude>
    <ClInclude Include="..\src\movement_controller.h">
      <Filter>Source Files</Filter>
    </ClInclude>
    <ClInclude Include="..\src\enemy.h">
      <Filter>Source Files</Filter>
    </ClInclude>
    <ClInclude Include="..\src\collider.h">
      <Filter>Source Files</Filter>
    </ClInclude>
    <ClInclude Include="..\src\collision.h">
      <Filter>Source Files</Filter>
    </ClInclude>
    <ClInclude Include="..\src\collision_detail.h">
      <Filter>Source Files</Filter>
    </ClInclude>
    <ClInclude Include="..\src\collision_typedefs.h">
      <Filter>Source Files</Filter>
    </ClInclude>
    <ClInclude Include="..\src\on_collision.h">
      <Filter>Source Files</Filter>
    </ClInclude>
    <ClInclude Include="..\src\game_objects.h">
      <Filter>Source Files</Filter>
    </ClInclude>
    <ClInclude Include="..\src\handle_collision.h">
      <Filter>Source Files</Filter>
    </ClInclude>
    <ClInclude Include="..\src\spatial_grid.h">
      <Filter>Source Files</Filter>
    </ClInclude>
    <ClInclude Include="..\src\aabb_int.h">
      <Filter>Source Files</Filter>
    </ClInclude>
    <ClInclude Include="..\src\container_helpers.h">
      <Filter>Source Files</Filter>
    </ClInclude>
    <ClInclude Include="..\src\camera.h">
      <Filter>Source Files</Filter>
    </ClInclude>
    <ClInclude Include="..\src\obstacle.h">
      <Filter>Source Files</Filter>
    </ClInclude>
    <ClInclude Include="..\src\crosshair.h">
      <Filter>Source Files</Filter>
    </ClInclude>
    <ClInclude Include="..\src\weapons\crossbow.h">
      <Filter>Source Files\weapons</Filter>
    </ClInclude>
    <ClInclude Include="..\src\weapons\weapon.h">
      <Filter>Source Files\weapons</Filter>
    </ClInclude>
    <ClInclude Include="..\src\weapons\weapon_helpers.h">
      <Filter>Source Files\weapons</Filter>
    </ClInclude>
    <ClInclude Include="..\src\projectile.h">
      <Filter>Source Files</Filter>
    </ClInclude>
    <ClInclude Include="..\src\health_mixin.h">
      <Filter>Source Files</Filter>
    </ClInclude>
    <ClInclude Include="..\src\weapons\reload.h">
      <Filter>Source Files\weapons</Filter>
    </ClInclude>
    <ClInclude Include="..\src\timer.h">
      <Filter>Source Files</Filter>
    </ClInclude>
    <ClInclude Include="..\src\text_object.h">
      <Filter>Source Files</Filter>
    </ClInclude>
    <ClInclude Include="..\src\pickup_generator.h">
      <Filter>Source Files</Filter>
    </ClInclude>
    <ClInclude Include="..\src\pickups.h">
      <Filter>Source Files</Filter>
    </ClInclude>
    <ClInclude Include="..\src\weapons\forcefield.h">
      <Filter>Source Files\weapons</Filter>
    </ClInclude>
    <ClInclude Include="..\src\weapons\forcefield_emitter.h">
      <Filter>Source Files\weapons</Filter>
    </ClInclude>
    <ClInclude Include="..\src\highscore.h">
      <Filter>Source Files</Filter>
    </ClInclude>
  </ItemGroup>
</Project>
